
Microsoft Visual Studio Solution File, Format Version 12.00
# Visual Studio Version 16
VisualStudioVersion = 16.0.33027.164
MinimumVisualStudioVersion = 10.0.40219.1
Project("{FAE04EC0-301F-11D3-BF4B-00C04F79EFBC}") = "TechAcadStudentsMVC1", "TechAcadStudentsMVC1\TechAcadStudentsMVC1.csproj", "{5BFA6DF2-D301-4F1B-918C-7F559151D257}"
EndProject
Global
	GlobalSection(SolutionConfigurationPlatforms) = preSolution
		Debug|Any CPU = Debug|Any CPU
		Release|Any CPU = Release|Any CPU
	EndGlobalSection
	GlobalSection(ProjectConfigurationPlatforms) = postSolution
		{5BFA6DF2-D301-4F1B-918C-7F559151D257}.Debug|Any CPU.ActiveCfg = Debug|Any CPU
		{5BFA6DF2-D301-4F1B-918C-7F559151D257}.Debug|Any CPU.Build.0 = Debug|Any CPU
		{5BFA6DF2-D301-4F1B-918C-7F559151D257}.Release|Any CPU.ActiveCfg = Release|Any CPU
		{5BFA6DF2-D301-4F1B-918C-7F559151D257}.Release|Any CPU.Build.0 = Release|Any CPU
	EndGlobalSection
	GlobalSection(SolutionProperties) = preSolution
		HideSolutionNode = FALSE
	EndGlobalSection
	GlobalSection(ExtensibilityGlobals) = postSolution
		SolutionGuid = {99727BA3-59D9-499D-B02D-D2F6A52E0390}
	EndGlobalSection
EndGlobal
