
Microsoft Visual Studio Solution File, Format Version 12.00
# Visual Studio Version 16
VisualStudioVersion = 16.0.33027.164
MinimumVisualStudioVersion = 10.0.40219.1
Project("{FAE04EC0-301F-11D3-BF4B-00C04F79EFBC}") = "TwentyOne", "TwentyOne\TwentyOne.csproj", "{93E1FB16-99A3-497D-913F-C556C1D3CD79}"
EndProject
Project("{FAE04EC0-301F-11D3-BF4B-00C04F79EFBC}") = "Casino", "Casino\Casino.csproj", "{ABBE3AF9-1964-4F81-B9F0-C78580108729}"
EndProject
Global
	GlobalSection(SolutionConfigurationPlatforms) = preSolution
		Debug|Any CPU = Debug|Any CPU
		Release|Any CPU = Release|Any CPU
	EndGlobalSection
	GlobalSection(ProjectConfigurationPlatforms) = postSolution
		{93E1FB16-99A3-497D-913F-C556C1D3CD79}.Debug|Any CPU.ActiveCfg = Debug|Any CPU
		{93E1FB16-99A3-497D-913F-C556C1D3CD79}.Debug|Any CPU.Build.0 = Debug|Any CPU
		{93E1FB16-99A3-497D-913F-C556C1D3CD79}.Release|Any CPU.ActiveCfg = Release|Any CPU
		{93E1FB16-99A3-497D-913F-C556C1D3CD79}.Release|Any CPU.Build.0 = Release|Any CPU
		{ABBE3AF9-1964-4F81-B9F0-C78580108729}.Debug|Any CPU.ActiveCfg = Debug|Any CPU
		{ABBE3AF9-1964-4F81-B9F0-C78580108729}.Debug|Any CPU.Build.0 = Debug|Any CPU
		{ABBE3AF9-1964-4F81-B9F0-C78580108729}.Release|Any CPU.ActiveCfg = Release|Any CPU
		{ABBE3AF9-1964-4F81-B9F0-C78580108729}.Release|Any CPU.Build.0 = Release|Any CPU
	EndGlobalSection
	GlobalSection(SolutionProperties) = preSolution
		HideSolutionNode = FALSE
	EndGlobalSection
	GlobalSection(ExtensibilityGlobals) = postSolution
		SolutionGuid = {495797B0-D9F3-49DE-B544-73B0B604B7BE}
	EndGlobalSection
EndGlobal
