
Microsoft Visual Studio Solution File, Format Version 12.00
# Visual Studio Version 16
VisualStudioVersion = 16.0.33027.164
MinimumVisualStudioVersion = 10.0.40219.1
Project("{FAE04EC0-301F-11D3-BF4B-00C04F79EFBC}") = "StringsAndIntegers", "StringsAndIntegers\StringsAndIntegers.csproj", "{3503A546-A85E-4E25-B167-CC3DED8FF4F9}"
EndProject
Global
	GlobalSection(SolutionConfigurationPlatforms) = preSolution
		Debug|Any CPU = Debug|Any CPU
		Release|Any CPU = Release|Any CPU
	EndGlobalSection
	GlobalSection(ProjectConfigurationPlatforms) = postSolution
		{3503A546-A85E-4E25-B167-CC3DED8FF4F9}.Debug|Any CPU.ActiveCfg = Debug|Any CPU
		{3503A546-A85E-4E25-B167-CC3DED8FF4F9}.Debug|Any CPU.Build.0 = Debug|Any CPU
		{3503A546-A85E-4E25-B167-CC3DED8FF4F9}.Release|Any CPU.ActiveCfg = Release|Any CPU
		{3503A546-A85E-4E25-B167-CC3DED8FF4F9}.Release|Any CPU.Build.0 = Release|Any CPU
	EndGlobalSection
	GlobalSection(SolutionProperties) = preSolution
		HideSolutionNode = FALSE
	EndGlobalSection
	GlobalSection(ExtensibilityGlobals) = postSolution
		SolutionGuid = {064CB64A-3182-4720-8FAF-12C9DF7A2698}
	EndGlobalSection
EndGlobal
