
Microsoft Visual Studio Solution File, Format Version 12.00
# Visual Studio Version 16
VisualStudioVersion = 16.0.33027.164
MinimumVisualStudioVersion = 10.0.40219.1
Project("{FAE04EC0-301F-11D3-BF4B-00C04F79EFBC}") = "ConstructorAssignment", "ConstructorAssignment\ConstructorAssignment.csproj", "{F6BDC829-12BB-4037-B03F-5F689AB24179}"
EndProject
Global
	GlobalSection(SolutionConfigurationPlatforms) = preSolution
		Debug|Any CPU = Debug|Any CPU
		Release|Any CPU = Release|Any CPU
	EndGlobalSection
	GlobalSection(ProjectConfigurationPlatforms) = postSolution
		{F6BDC829-12BB-4037-B03F-5F689AB24179}.Debug|Any CPU.ActiveCfg = Debug|Any CPU
		{F6BDC829-12BB-4037-B03F-5F689AB24179}.Debug|Any CPU.Build.0 = Debug|Any CPU
		{F6BDC829-12BB-4037-B03F-5F689AB24179}.Release|Any CPU.ActiveCfg = Release|Any CPU
		{F6BDC829-12BB-4037-B03F-5F689AB24179}.Release|Any CPU.Build.0 = Release|Any CPU
	EndGlobalSection
	GlobalSection(SolutionProperties) = preSolution
		HideSolutionNode = FALSE
	EndGlobalSection
	GlobalSection(ExtensibilityGlobals) = postSolution
		SolutionGuid = {A237C5AA-5277-48DB-9604-6EDA9A775958}
	EndGlobalSection
EndGlobal
