
Microsoft Visual Studio Solution File, Format Version 12.00
# Visual Studio Version 16
VisualStudioVersion = 16.0.33027.164
MinimumVisualStudioVersion = 10.0.40219.1
Project("{FAE04EC0-301F-11D3-BF4B-00C04F79EFBC}") = "StringAssingment", "StringAssingment\StringAssingment.csproj", "{DFD5E71C-72D3-48EE-B31C-665F1A920F53}"
EndProject
Global
	GlobalSection(SolutionConfigurationPlatforms) = preSolution
		Debug|Any CPU = Debug|Any CPU
		Release|Any CPU = Release|Any CPU
	EndGlobalSection
	GlobalSection(ProjectConfigurationPlatforms) = postSolution
		{DFD5E71C-72D3-48EE-B31C-665F1A920F53}.Debug|Any CPU.ActiveCfg = Debug|Any CPU
		{DFD5E71C-72D3-48EE-B31C-665F1A920F53}.Debug|Any CPU.Build.0 = Debug|Any CPU
		{DFD5E71C-72D3-48EE-B31C-665F1A920F53}.Release|Any CPU.ActiveCfg = Release|Any CPU
		{DFD5E71C-72D3-48EE-B31C-665F1A920F53}.Release|Any CPU.Build.0 = Release|Any CPU
	EndGlobalSection
	GlobalSection(SolutionProperties) = preSolution
		HideSolutionNode = FALSE
	EndGlobalSection
	GlobalSection(ExtensibilityGlobals) = postSolution
		SolutionGuid = {8C4C572E-7994-4EF0-B13C-C2F729E79B3C}
	EndGlobalSection
EndGlobal
