
Microsoft Visual Studio Solution File, Format Version 12.00
# Visual Studio Version 16
VisualStudioVersion = 16.0.33130.400
MinimumVisualStudioVersion = 10.0.40219.1
Project("{FAE04EC0-301F-11D3-BF4B-00C04F79EFBC}") = "CoreTour", "CoreTour\CoreTour.csproj", "{06421782-ACA5-4DF2-A542-D69D804C6A26}"
EndProject
Global
	GlobalSection(SolutionConfigurationPlatforms) = preSolution
		Debug|Any CPU = Debug|Any CPU
		Release|Any CPU = Release|Any CPU
	EndGlobalSection
	GlobalSection(ProjectConfigurationPlatforms) = postSolution
		{06421782-ACA5-4DF2-A542-D69D804C6A26}.Debug|Any CPU.ActiveCfg = Debug|Any CPU
		{06421782-ACA5-4DF2-A542-D69D804C6A26}.Debug|Any CPU.Build.0 = Debug|Any CPU
		{06421782-ACA5-4DF2-A542-D69D804C6A26}.Release|Any CPU.ActiveCfg = Release|Any CPU
		{06421782-ACA5-4DF2-A542-D69D804C6A26}.Release|Any CPU.Build.0 = Release|Any CPU
	EndGlobalSection
	GlobalSection(SolutionProperties) = preSolution
		HideSolutionNode = FALSE
	EndGlobalSection
	GlobalSection(ExtensibilityGlobals) = postSolution
		SolutionGuid = {0B64DE85-8FCC-47BB-A1B7-24FFACA4FECD}
	EndGlobalSection
EndGlobal
