
Microsoft Visual Studio Solution File, Format Version 12.00
# Visual Studio Version 16
VisualStudioVersion = 16.0.33027.164
MinimumVisualStudioVersion = 10.0.40219.1
Project("{FAE04EC0-301F-11D3-BF4B-00C04F79EFBC}") = "BooleanLogicAssignment", "BooleanLogicAssignment\BooleanLogicAssignment.csproj", "{B1D7E08C-8D8C-4A63-9CC6-DA55CD3631EE}"
EndProject
Global
	GlobalSection(SolutionConfigurationPlatforms) = preSolution
		Debug|Any CPU = Debug|Any CPU
		Release|Any CPU = Release|Any CPU
	EndGlobalSection
	GlobalSection(ProjectConfigurationPlatforms) = postSolution
		{B1D7E08C-8D8C-4A63-9CC6-DA55CD3631EE}.Debug|Any CPU.ActiveCfg = Debug|Any CPU
		{B1D7E08C-8D8C-4A63-9CC6-DA55CD3631EE}.Debug|Any CPU.Build.0 = Debug|Any CPU
		{B1D7E08C-8D8C-4A63-9CC6-DA55CD3631EE}.Release|Any CPU.ActiveCfg = Release|Any CPU
		{B1D7E08C-8D8C-4A63-9CC6-DA55CD3631EE}.Release|Any CPU.Build.0 = Release|Any CPU
	EndGlobalSection
	GlobalSection(SolutionProperties) = preSolution
		HideSolutionNode = FALSE
	EndGlobalSection
	GlobalSection(ExtensibilityGlobals) = postSolution
		SolutionGuid = {666B862C-1303-410B-9D0D-FF908DCCBD1A}
	EndGlobalSection
EndGlobal
