
Microsoft Visual Studio Solution File, Format Version 12.00
# Visual Studio Version 16
VisualStudioVersion = 16.0.33027.164
MinimumVisualStudioVersion = 10.0.40219.1
Project("{FAE04EC0-301F-11D3-BF4B-00C04F79EFBC}") = "ConsoleAppAssignment", "ConsoleAppAssignment\ConsoleAppAssignment.csproj", "{0F27EE48-94F2-4978-AECA-0F4FFA60ADBA}"
EndProject
Global
	GlobalSection(SolutionConfigurationPlatforms) = preSolution
		Debug|Any CPU = Debug|Any CPU
		Release|Any CPU = Release|Any CPU
	EndGlobalSection
	GlobalSection(ProjectConfigurationPlatforms) = postSolution
		{0F27EE48-94F2-4978-AECA-0F4FFA60ADBA}.Debug|Any CPU.ActiveCfg = Debug|Any CPU
		{0F27EE48-94F2-4978-AECA-0F4FFA60ADBA}.Debug|Any CPU.Build.0 = Debug|Any CPU
		{0F27EE48-94F2-4978-AECA-0F4FFA60ADBA}.Release|Any CPU.ActiveCfg = Release|Any CPU
		{0F27EE48-94F2-4978-AECA-0F4FFA60ADBA}.Release|Any CPU.Build.0 = Release|Any CPU
	EndGlobalSection
	GlobalSection(SolutionProperties) = preSolution
		HideSolutionNode = FALSE
	EndGlobalSection
	GlobalSection(ExtensibilityGlobals) = postSolution
		SolutionGuid = {A805441B-6B9F-447A-83BD-C79A10B844B2}
	EndGlobalSection
EndGlobal
